
Microsoft Visual Studio Solution File, Format Version 12.00
# Visual Studio Version 16
VisualStudioVersion = 16.0.31129.286
MinimumVisualStudioVersion = 10.0.40219.1
Project("{FAE04EC0-301F-11D3-BF4B-00C04F79EFBC}") = "Ariv.Dynamics.BingGeocoding.Plugin", "Ariv.Dynamics.BingGeocoding.Plugin\Ariv.Dynamics.BingGeocoding.Plugin.csproj", "{9265CB3C-9A81-457C-BBC8-7BDCD3C5C9E0}"
EndProject
Global
	GlobalSection(SolutionConfigurationPlatforms) = preSolution
		Debug|Any CPU = Debug|Any CPU
		Release|Any CPU = Release|Any CPU
	EndGlobalSection
	GlobalSection(ProjectConfigurationPlatforms) = postSolution
		{9265CB3C-9A81-457C-BBC8-7BDCD3C5C9E0}.Debug|Any CPU.ActiveCfg = Debug|Any CPU
		{9265CB3C-9A81-457C-BBC8-7BDCD3C5C9E0}.Debug|Any CPU.Build.0 = Debug|Any CPU
		{9265CB3C-9A81-457C-BBC8-7BDCD3C5C9E0}.Release|Any CPU.ActiveCfg = Release|Any CPU
		{9265CB3C-9A81-457C-BBC8-7BDCD3C5C9E0}.Release|Any CPU.Build.0 = Release|Any CPU
	EndGlobalSection
	GlobalSection(SolutionProperties) = preSolution
		HideSolutionNode = FALSE
	EndGlobalSection
	GlobalSection(ExtensibilityGlobals) = postSolution
		SolutionGuid = {A9E69CA9-810A-49A7-90FB-AFCE40F39391}
	EndGlobalSection
EndGlobal
